// !$*UTF8*$!
{
	archiveVersion = 1;
	classes = {
	};
	objectVersion = 50;
	objects = {

/* Begin PBXBuildFile section */
		9E22421922076C0A00A3D934 /* AppDelegate.swift in Sources */ = {isa = PBXBuildFile; fileRef = 9E22421822076C0A00A3D934 /* AppDelegate.swift */; };
		9E22421E22076C0A00A3D934 /* Main.storyboard in Resources */ = {isa = PBXBuildFile; fileRef = 9E22421C22076C0A00A3D934 /* Main.storyboard */; };
		9E22422022076C0A00A3D934 /* Assets.xcassets in Resources */ = {isa = PBXBuildFile; fileRef = 9E22421F22076C0A00A3D934 /* Assets.xcassets */; };
		9E22422322076C0A00A3D934 /* LaunchScreen.storyboard in Resources */ = {isa = PBXBuildFile; fileRef = 9E22422122076C0A00A3D934 /* LaunchScreen.storyboard */; };
		9E22422B22076D3C00A3D934 /* PhotosViewController.swift in Sources */ = {isa = PBXBuildFile; fileRef = 9E22422A22076D3C00A3D934 /* PhotosViewController.swift */; };
		9E22422D22076D6D00A3D934 /* PhotoCell.swift in Sources */ = {isa = PBXBuildFile; fileRef = 9E22422C22076D6D00A3D934 /* PhotoCell.swift */; };
		9E22422F22076F5A00A3D934 /* RoundedImageView.swift in Sources */ = {isa = PBXBuildFile; fileRef = 9E22422E22076F5A00A3D934 /* RoundedImageView.swift */; };
		9E2242312207722500A3D934 /* LikeAnimator.swift in Sources */ = {isa = PBXBuildFile; fileRef = 9E2242302207722500A3D934 /* LikeAnimator.swift */; };
/* End PBXBuildFile section */

/* Begin PBXFileReference section */
		9E22421522076C0A00A3D934 /* Double Tap To Like.app */ = {isa = PBXFileReference; explicitFileType = wrapper.application; includeInIndex = 0; path = "Double Tap To Like.app"; sourceTree = BUILT_PRODUCTS_DIR; };
		9E22421822076C0A00A3D934 /* AppDelegate.swift */ = {isa = PBXFileReference; lastKnownFileType = sourcecode.swift; path = AppDelegate.swift; sourceTree = "<group>"; };
		9E22421D22076C0A00A3D934 /* Base */ = {isa = PBXFileReference; lastKnownFileType = file.storyboard; name = Base; path = Base.lproj/Main.storyboard; sourceTree = "<group>"; };
		9E22421F22076C0A00A3D934 /* Assets.xcassets */ = {isa = PBXFileReference; lastKnownFileType = folder.assetcatalog; path = Assets.xcassets; sourceTree = "<group>"; };
		9E22422222076C0A00A3D934 /* Base */ = {isa = PBXFileReference; lastKnownFileType = file.storyboard; name = Base; path = Base.lproj/LaunchScreen.storyboard; sourceTree = "<group>"; };
		9E22422422076C0A00A3D934 /* Info.plist */ = {isa = PBXFileReference; lastKnownFileType = text.plist.xml; path = Info.plist; sourceTree = "<group>"; };
		9E22422A22076D3C00A3D934 /* PhotosViewController.swift */ = {isa = PBXFileReference; lastKnownFileType = sourcecode.swift; path = PhotosViewController.swift; sourceTree = "<group>"; };
		9E22422C22076D6D00A3D934 /* PhotoCell.swift */ = {isa = PBXFileReference; lastKnownFileType = sourcecode.swift; path = PhotoCell.swift; sourceTree = "<group>"; };
		9E22422E22076F5A00A3D934 /* RoundedImageView.swift */ = {isa = PBXFileReference; lastKnownFileType = sourcecode.swift; path = RoundedImageView.swift; sourceTree = "<group>"; };
		9E2242302207722500A3D934 /* LikeAnimator.swift */ = {isa = PBXFileReference; lastKnownFileType = sourcecode.swift; path = LikeAnimator.swift; sourceTree = "<group>"; };
/* End PBXFileReference section */

/* Begin PBXFrameworksBuildPhase section */
		9E22421222076C0A00A3D934 /* Frameworks */ = {
			isa = PBXFrameworksBuildPhase;
			buildActionMask = 2147483647;
			files = (
			);
			runOnlyForDeploymentPostprocessing = 0;
		};
/* End PBXFrameworksBuildPhase section */

/* Begin PBXGroup section */
		9E22420C22076C0A00A3D934 = {
			isa = PBXGroup;
			children = (
				9E22421722076C0A00A3D934 /* Double Tap To Like */,
				9E22421622076C0A00A3D934 /* Products */,
			);
			sourceTree = "<group>";
		};
		9E22421622076C0A00A3D934 /* Products */ = {
			isa = PBXGroup;
			children = (
				9E22421522076C0A00A3D934 /* Double Tap To Like.app */,
			);
			name = Products;
			sourceTree = "<group>";
		};
		9E22421722076C0A00A3D934 /* Double Tap To Like */ = {
			isa = PBXGroup;
			children = (
				9E22421822076C0A00A3D934 /* AppDelegate.swift */,
				9E22421C22076C0A00A3D934 /* Main.storyboard */,
				9E22421F22076C0A00A3D934 /* Assets.xcassets */,
				9E22422122076C0A00A3D934 /* LaunchScreen.storyboard */,
				9E22422422076C0A00A3D934 /* Info.plist */,
				9E22422A22076D3C00A3D934 /* PhotosViewController.swift */,
				9E22422C22076D6D00A3D934 /* PhotoCell.swift */,
				9E22422E22076F5A00A3D934 /* RoundedImageView.swift */,
				9E2242302207722500A3D934 /* LikeAnimator.swift */,
			);
			path = "Double Tap To Like";
			sourceTree = "<group>";
		};
/* End PBXGroup section */

/* Begin PBXNativeTarget section */
		9E22421422076C0A00A3D934 /* Double Tap To Like */ = {
			isa = PBXNativeTarget;
			buildConfigurationList = 9E22422722076C0A00A3D934 /* Build configuration list for PBXNativeTarget "Double Tap To Like" */;
			buildPhases = (
				9E22421122076C0A00A3D934 /* Sources */,
				9E22421222076C0A00A3D934 /* Frameworks */,
				9E22421322076C0A00A3D934 /* Resources */,
			);
			buildRules = (
			);
			dependencies = (
			);
			name = "Double Tap To Like";
			productName = "Double Tap To Like";
			productReference = 9E22421522076C0A00A3D934 /* Double Tap To Like.app */;
			productType = "com.apple.product-type.application";
		};
/* End PBXNativeTarget section */

/* Begin PBXProject section */
		9E22420D22076C0A00A3D934 /* Project object */ = {
			isa = PBXProject;
			attributes = {
				LastSwiftUpdateCheck = 1010;
				LastUpgradeCheck = 1010;
				ORGANIZATIONNAME = "Kilo Loco";
				TargetAttributes = {
					9E22421422076C0A00A3D934 = {
						CreatedOnToolsVersion = 10.1;
					};
				};
			};
			buildConfigurationList = 9E22421022076C0A00A3D934 /* Build configuration list for PBXProject "Double Tap To Like" */;
			compatibilityVersion = "Xcode 9.3";
			developmentRegion = en;
			hasScannedForEncodings = 0;
			knownRegions = (
				en,
				Base,
			);
			mainGroup = 9E22420C22076C0A00A3D934;
			productRefGroup = 9E22421622076C0A00A3D934 /* Products */;
			projectDirPath = "";
			projectRoot = "";
			targets = (
				9E22421422076C0A00A3D934 /* Double Tap To Like */,
			);
		};
/* End PBXProject section */

/* Begin PBXResourcesBuildPhase section */
		9E22421322076C0A00A3D934 /* Resources */ = {
			isa = PBXResourcesBuildPhase;
			buildActionMask = 2147483647;
			files = (
				9E22422322076C0A00A3D934 /* LaunchScreen.storyboard in Resources */,
				9E22422022076C0A00A3D934 /* Assets.xcassets in Resources */,
				9E22421E22076C0A00A3D934 /* Main.storyboard in Resources */,
			);
			runOnlyForDeploymentPostprocessing = 0;
		};
/* End PBXResourcesBuildPhase section */

/* Begin PBXSourcesBuildPhase section */
		9E22421122076C0A00A3D934 /* Sources */ = {
			isa = PBXSourcesBuildPhase;
			buildActionMask = 2147483647;
			files = (
				9E22422F22076F5A00A3D934 /* RoundedImageView.swift in Sources */,
				9E22421922076C0A00A3D934 /* AppDelegate.swift in Sources */,
				9E22422D22076D6D00A3D934 /* PhotoCell.swift in Sources */,
				9E22422B22076D3C00A3D934 /* PhotosViewController.swift in Sources */,
				9E2242312207722500A3D934 /* LikeAnimator.swift in Sources */,
			);
			runOnlyForDeploymentPostprocessing = 0;
		};
/* End PBXSourcesBuildPhase section */

/* Begin PBXVariantGroup section */
		9E22421C22076C0A00A3D934 /* Main.storyboard */ = {
			isa = PBXVariantGroup;
			children = (
				9E22421D22076C0A00A3D934 /* Base */,
			);
			name = Main.storyboard;
			sourceTree = "<group>";
		};
		9E22422122076C0A00A3D934 /* LaunchScreen.storyboard */ = {
			isa = PBXVariantGroup;
			children = (
				9E22422222076C0A00A3D934 /* Base */,
			);
			name = LaunchScreen.storyboard;
			sourceTree = "<group>";
		};
/* End PBXVariantGroup section */

/* Begin XCBuildConfiguration section */
		9E22422522076C0A00A3D934 /* Debug */ = {
			isa = XCBuildConfiguration;
			buildSettings = {
				ALWAYS_SEARCH_USER_PATHS = NO;
				CLANG_ANALYZER_NONNULL = YES;
				CLANG_ANALYZER_NUMBER_OBJECT_CONVERSION = YES_AGGRESSIVE;
				CLANG_CXX_LANGUAGE_STANDARD = "gnu++14";
				CLANG_CXX_LIBRARY = "libc++";
				CLANG_ENABLE_MODULES = YES;
				CLANG_ENABLE_OBJC_ARC = YES;
				CLANG_ENABLE_OBJC_WEAK = YES;
				CLANG_WARN_BLOCK_CAPTURE_AUTORELEASING = YES;
				CLANG_WARN_BOOL_CONVERSION = YES;
				CLANG_WARN_COMMA = YES;
				CLANG_WARN_CONSTANT_CONVERSION = YES;
				CLANG_WARN_DEPRECATED_OBJC_IMPLEMENTATIONS = YES;
				CLANG_WARN_DIRECT_OBJC_ISA_USAGE = YES_ERROR;
				CLANG_WARN_DOCUMENTATION_COMMENTS = YES;
				CLANG_WARN_EMPTY_BODY = YES;
				CLANG_WARN_ENUM_CONVERSION = YES;
				CLANG_WARN_INFINITE_RECURSION = YES;
				CLANG_WARN_INT_CONVERSION = YES;
				CLANG_WARN_NON_LITERAL_NULL_CONVERSION = YES;
				CLANG_WARN_OBJC_IMPLICIT_RETAIN_SELF = YES;
				CLANG_WARN_OBJC_LITERAL_CONVERSION = YES;
				CLANG_WARN_OBJC_ROOT_CLASS = YES_ERROR;
				CLANG_WARN_RANGE_LOOP_ANALYSIS = YES;
				CLANG_WARN_STRICT_PROTOTYPES = YES;
				CLANG_WARN_SUSPICIOUS_MOVE = YES;
				CLANG_WARN_UNGUARDED_AVAILABILITY = YES_AGGRESSIVE;
				CLANG_WARN_UNREACHABLE_CODE = YES;
				CLANG_WARN__DUPLICATE_METHOD_MATCH = YES;
				CODE_SIGN_IDENTITY = "iPhone Developer";
				COPY_PHASE_STRIP = NO;
				DEBUG_INFORMATION_FORMAT = dwarf;
				ENABLE_STRICT_OBJC_MSGSEND = YES;
				ENABLE_TESTABILITY = YES;
				GCC_C_LANGUAGE_STANDARD = gnu11;
				GCC_DYNAMIC_NO_PIC = NO;
				GCC_NO_COMMON_BLOCKS = YES;
				GCC_OPTIMIZATION_LEVEL = 0;
				GCC_PREPROCESSOR_DEFINITIONS = (
					"DEBUG=1",
					"$(inherited)",
				);
				GCC_WARN_64_TO_32_BIT_CONVERSION = YES;
				GCC_WARN_ABOUT_RETURN_TYPE = YES_ERROR;
				GCC_WARN_UNDECLARED_SELECTOR = YES;
				GCC_WARN_UNINITIALIZED_AUTOS = YES_AGGRESSIVE;
				GCC_WARN_UNUSED_FUNCTION = YES;
				GCC_WARN_UNUSED_VARIABLE = YES;
				IPHONEOS_DEPLOYMENT_TARGET = 12.1;
				MTL_ENABLE_DEBUG_INFO = INCLUDE_SOURCE;
				MTL_FAST_MATH = YES;
				ONLY_ACTIVE_ARCH = YES;
				SDKROOT = iphoneos;
				SWIFT_ACTIVE_COMPILATION_CONDITIONS = DEBUG;
				SWIFT_OPTIMIZATION_LEVEL = "-Onone";
			};
			name = Debug;
		};
		9E22422622076C0A00A3D934 /* Release */ = {
			isa = XCBuildConfiguration;
			buildSettings = {
				ALWAYS_SEARCH_USER_PATHS = NO;
				CLANG_ANALYZER_NONNULL = YES;
				CLANG_ANALYZER_NUMBER_OBJECT_CONVERSION = YES_AGGRESSIVE;
				CLANG_CXX_LANGUAGE_STANDARD = "gnu++14";
				CLANG_CXX_LIBRARY = "libc++";
				CLANG_ENABLE_MODULES = YES;
				CLANG_ENABLE_OBJC_ARC = YES;
				CLANG_ENABLE_OBJC_WEAK = YES;
				CLANG_WARN_BLOCK_CAPTURE_AUTORELEASING = YES;
				CLANG_WARN_BOOL_CONVERSION = YES;
				CLANG_WARN_COMMA = YES;
				CLANG_WARN_CONSTANT_CONVERSION = YES;
				CLANG_WARN_DEPRECATED_OBJC_IMPLEMENTATIONS = YES;
				CLANG_WARN_DIRECT_OBJC_ISA_USAGE = YES_ERROR;
				CLANG_WARN_DOCUMENTATION_COMMENTS = YES;
				CLANG_WARN_EMPTY_BODY = YES;
				CLANG_WARN_ENUM_CONVERSION = YES;
				CLANG_WARN_INFINITE_RECURSION = YES;
				CLANG_WARN_INT_CONVERSION = YES;
				CLANG_WARN_NON_LITERAL_NULL_CONVERSION = YES;
				CLANG_WARN_OBJC_IMPLICIT_RETAIN_SELF = YES;
				CLANG_WARN_OBJC_LITERAL_CONVERSION = YES;
				CLANG_WARN_OBJC_ROOT_CLASS = YES_ERROR;
				CLANG_WARN_RANGE_LOOP_ANALYSIS = YES;
				CLANG_WARN_STRICT_PROTOTYPES = YES;
				CLANG_WARN_SUSPICIOUS_MOVE = YES;
				CLANG_WARN_UNGUARDED_AVAILABILITY = YES_AGGRESSIVE;
				CLANG_WARN_UNREACHABLE_CODE = YES;
				CLANG_WARN__DUPLICATE_METHOD_MATCH = YES;
				CODE_SIGN_IDENTITY = "iPhone Developer";
				COPY_PHASE_STRIP = NO;
				DEBUG_INFORMATION_FORMAT = "dwarf-with-dsym";
				ENABLE_NS_ASSERTIONS = NO;
				ENABLE_STRICT_OBJC_MSGSEND = YES;
				GCC_C_LANGUAGE_STANDARD = gnu11;
				GCC_NO_COMMON_BLOCKS = YES;
				GCC_WARN_64_TO_32_BIT_CONVERSION = YES;
				GCC_WARN_ABOUT_RETURN_TYPE = YES_ERROR;
				GCC_WARN_UNDECLARED_SELECTOR = YES;
				GCC_WARN_UNINITIALIZED_AUTOS = YES_AGGRESSIVE;
				GCC_WARN_UNUSED_FUNCTION = YES;
				GCC_WARN_UNUSED_VARIABLE = YES;
				IPHONEOS_DEPLOYMENT_TARGET = 12.1;
				MTL_ENABLE_DEBUG_INFO = NO;
				MTL_FAST_MATH = YES;
				SDKROOT = iphoneos;
				SWIFT_COMPILATION_MODE = wholemodule;
				SWIFT_OPTIMIZATION_LEVEL = "-O";
				VALIDATE_PRODUCT = YES;
			};
			name = Release;
		};
		9E22422822076C0A00A3D934 /* Debug */ = {
			isa = XCBuildConfiguration;
			buildSettings = {
				ASSETCATALOG_COMPILER_APPICON_NAME = AppIcon;
				CODE_SIGN_STYLE = Automatic;
				DEVELOPMENT_TEAM = 3VLX4P43XJ;
				INFOPLIST_FILE = "Double Tap To Like/Info.plist";
				LD_RUNPATH_SEARCH_PATHS = (
					"$(inherited)",
					"@executable_path/Frameworks",
				);
				PRODUCT_BUNDLE_IDENTIFIER = "com.kiloloco.Double-Tap-To-Like";
				PRODUCT_NAME = "$(TARGET_NAME)";
				SWIFT_VERSION = 4.2;
				TARGETED_DEVICE_FAMILY = "1,2";
			};
			name = Debug;
		};
		9E22422922076C0A00A3D934 /* Release */ = {
			isa = XCBuildConfiguration;
			buildSettings = {
				ASSETCATALOG_COMPILER_APPICON_NAME = AppIcon;
				CODE_SIGN_STYLE = Automatic;
				DEVELOPMENT_TEAM = 3VLX4P43XJ;
				INFOPLIST_FILE = "Double Tap To Like/Info.plist";
				LD_RUNPATH_SEARCH_PATHS = (
					"$(inherited)",
					"@executable_path/Frameworks",
				);
				PRODUCT_BUNDLE_IDENTIFIER = "com.kiloloco.Double-Tap-To-Like";
				PRODUCT_NAME = "$(TARGET_NAME)";
				SWIFT_VERSION = 4.2;
				TARGETED_DEVICE_FAMILY = "1,2";
			};
			name = Release;
		};
/* End XCBuildConfiguration section */

/* Begin XCConfigurationList section */
		9E22421022076C0A00A3D934 /* Build configuration list for PBXProject "Double Tap To Like" */ = {
			isa = XCConfigurationList;
			buildConfigurations = (
				9E22422522076C0A00A3D934 /* Debug */,
				9E22422622076C0A00A3D934 /* Release */,
			);
			defaultConfigurationIsVisible = 0;
			defaultConfigurationName = Release;
		};
		9E22422722076C0A00A3D934 /* Build configuration list for PBXNativeTarget "Double Tap To Like" */ = {
			isa = XCConfigurationList;
			buildConfigurations = (
				9E22422822076C0A00A3D934 /* Debug */,
				9E22422922076C0A00A3D934 /* Release */,
			);
			defaultConfigurationIsVisible = 0;
			defaultConfigurationName = Release;
		};
/* End XCConfigurationList section */
	};
	rootObject = 9E22420D22076C0A00A3D934 /* Project object */;
}
